hash: aa0ba2800208b6f163a62a70d1cd56283a96cf3da34584ffdd545b44d3420bd7
updated: 2017-07-21T16:41:30.0032592+08:00
imports:
- name: github.com/astaxie/beego
  version: cab8458c1c4a5a3b4bf5192922be620e6dede15b
  subpackages:
  - config
  - context
  - context/param
  - grace
  - logs
  - orm
  - session
  - toolbox
  - utils
- name: github.com/go-sql-driver/mysql
  version: bf7f34fef176d890dfcc6e94319ac747291bc09a
- name: github.com/segmentio/ksuid
  version: e3c9952840557adbb3538b1039e783d44c21ae4a
testImports: []
